
Microsoft Visual Studio Solution File, Format Version 12.00
# Visual Studio Version 17
VisualStudioVersion = 17.8.34525.116
MinimumVisualStudioVersion = 10.0.40219.1
Project("{FAE04EC0-301F-11D3-BF4B-00C04F79EFBC}") = "NEWTESTBACK", "NEWTESTBACK\NEWTESTBACK.csproj", "{69E5C779-37F1-4526-994E-6CE268D6BBB9}"
EndProject
Global
	GlobalSection(SolutionConfigurationPlatforms) = preSolution
		Debug|Any CPU = Debug|Any CPU
		Release|Any CPU = Release|Any CPU
	EndGlobalSection
	GlobalSection(ProjectConfigurationPlatforms) = postSolution
		{69E5C779-37F1-4526-994E-6CE268D6BBB9}.Debug|Any CPU.ActiveCfg = Debug|Any CPU
		{69E5C779-37F1-4526-994E-6CE268D6BBB9}.Debug|Any CPU.Build.0 = Debug|Any CPU
		{69E5C779-37F1-4526-994E-6CE268D6BBB9}.Release|Any CPU.ActiveCfg = Release|Any CPU
		{69E5C779-37F1-4526-994E-6CE268D6BBB9}.Release|Any CPU.Build.0 = Release|Any CPU
	EndGlobalSection
	GlobalSection(SolutionProperties) = preSolution
		HideSolutionNode = FALSE
	EndGlobalSection
	GlobalSection(ExtensibilityGlobals) = postSolution
		SolutionGuid = {D4FDB439-8547-418D-A847-4B923E24A7CD}
	EndGlobalSection
EndGlobal
